
Microsoft Visual Studio Solution File, Format Version 12.00
# Visual Studio Version 16
VisualStudioVersion = 16.0.29215.179
MinimumVisualStudioVersion = 10.0.40219.1
Project("{FAE04EC0-301F-11D3-BF4B-00C04F79EFBC}") = "BlogANetReact.Data.Entities", "BlogANetReact.Data.Entities\BlogANetReact.Data.Entities.csproj", "{F61E2623-9171-4704-A8AB-D283C578D8AE}"
EndProject
Project("{2150E333-8FDC-42A3-9474-1A3956D46DE8}") = "Data", "Data", "{7726FA2F-7872-46E2-98E5-2304507882A0}"
EndProject
Project("{2150E333-8FDC-42A3-9474-1A3956D46DE8}") = "Presentation", "Presentation", "{5ABCFAF4-98D6-4B37-ADED-373C114D83CE}"
EndProject
Project("{FAE04EC0-301F-11D3-BF4B-00C04F79EFBC}") = "BlogANetReact.Data.Model", "BlogANetReact.Data.Model\BlogANetReact.Data.Model.csproj", "{ED0EC0A0-386D-45F7-B5C8-C4E2FE07B4BF}"
EndProject
Project("{2150E333-8FDC-42A3-9474-1A3956D46DE8}") = "Migrations", "Migrations", "{5DBD6818-E830-44E1-A13C-3CB33176976B}"
EndProject
Project("{FAE04EC0-301F-11D3-BF4B-00C04F79EFBC}") = "BlogANetReact.Migrations.Data", "BlogANetReact.Migrations.Data\BlogANetReact.Migrations.Data.csproj", "{CA2528AA-5862-4A41-8947-2FB6853A6FCA}"
EndProject
Project("{2150E333-8FDC-42A3-9474-1A3956D46DE8}") = "Api", "Api", "{2102D1F8-CF00-4CF4-8C08-410EE4576A87}"
EndProject
Project("{FAE04EC0-301F-11D3-BF4B-00C04F79EFBC}") = "BlogANetReact.Web.Api", "BlogANetReact.Web.Api\BlogANetReact.Web.Api.csproj", "{46F98EA4-A5AA-4AC0-8BBE-01E05C712180}"
EndProject
Project("{FAE04EC0-301F-11D3-BF4B-00C04F79EFBC}") = "BlogANetReact.Repository", "BlogANetReact.Repository\BlogANetReact.Repository.csproj", "{5993CFAA-0AE3-42C1-A28D-B2728E58BC5C}"
EndProject
Global
	GlobalSection(SolutionConfigurationPlatforms) = preSolution
		Debug|Any CPU = Debug|Any CPU
		Release|Any CPU = Release|Any CPU
	EndGlobalSection
	GlobalSection(ProjectConfigurationPlatforms) = postSolution
		{F61E2623-9171-4704-A8AB-D283C578D8AE}.Debug|Any CPU.ActiveCfg = Debug|Any CPU
		{F61E2623-9171-4704-A8AB-D283C578D8AE}.Debug|Any CPU.Build.0 = Debug|Any CPU
		{F61E2623-9171-4704-A8AB-D283C578D8AE}.Release|Any CPU.ActiveCfg = Release|Any CPU
		{F61E2623-9171-4704-A8AB-D283C578D8AE}.Release|Any CPU.Build.0 = Release|Any CPU
		{ED0EC0A0-386D-45F7-B5C8-C4E2FE07B4BF}.Debug|Any CPU.ActiveCfg = Debug|Any CPU
		{ED0EC0A0-386D-45F7-B5C8-C4E2FE07B4BF}.Debug|Any CPU.Build.0 = Debug|Any CPU
		{ED0EC0A0-386D-45F7-B5C8-C4E2FE07B4BF}.Release|Any CPU.ActiveCfg = Release|Any CPU
		{ED0EC0A0-386D-45F7-B5C8-C4E2FE07B4BF}.Release|Any CPU.Build.0 = Release|Any CPU
		{CA2528AA-5862-4A41-8947-2FB6853A6FCA}.Debug|Any CPU.ActiveCfg = Debug|Any CPU
		{CA2528AA-5862-4A41-8947-2FB6853A6FCA}.Debug|Any CPU.Build.0 = Debug|Any CPU
		{CA2528AA-5862-4A41-8947-2FB6853A6FCA}.Release|Any CPU.ActiveCfg = Release|Any CPU
		{CA2528AA-5862-4A41-8947-2FB6853A6FCA}.Release|Any CPU.Build.0 = Release|Any CPU
		{46F98EA4-A5AA-4AC0-8BBE-01E05C712180}.Debug|Any CPU.ActiveCfg = Debug|Any CPU
		{46F98EA4-A5AA-4AC0-8BBE-01E05C712180}.Debug|Any CPU.Build.0 = Debug|Any CPU
		{46F98EA4-A5AA-4AC0-8BBE-01E05C712180}.Release|Any CPU.ActiveCfg = Release|Any CPU
		{46F98EA4-A5AA-4AC0-8BBE-01E05C712180}.Release|Any CPU.Build.0 = Release|Any CPU
		{5993CFAA-0AE3-42C1-A28D-B2728E58BC5C}.Debug|Any CPU.ActiveCfg = Debug|Any CPU
		{5993CFAA-0AE3-42C1-A28D-B2728E58BC5C}.Debug|Any CPU.Build.0 = Debug|Any CPU
		{5993CFAA-0AE3-42C1-A28D-B2728E58BC5C}.Release|Any CPU.ActiveCfg = Release|Any CPU
		{5993CFAA-0AE3-42C1-A28D-B2728E58BC5C}.Release|Any CPU.Build.0 = Release|Any CPU
	EndGlobalSection
	GlobalSection(SolutionProperties) = preSolution
		HideSolutionNode = FALSE
	EndGlobalSection
	GlobalSection(NestedProjects) = preSolution
		{F61E2623-9171-4704-A8AB-D283C578D8AE} = {7726FA2F-7872-46E2-98E5-2304507882A0}
		{ED0EC0A0-386D-45F7-B5C8-C4E2FE07B4BF} = {7726FA2F-7872-46E2-98E5-2304507882A0}
		{CA2528AA-5862-4A41-8947-2FB6853A6FCA} = {5DBD6818-E830-44E1-A13C-3CB33176976B}
		{46F98EA4-A5AA-4AC0-8BBE-01E05C712180} = {2102D1F8-CF00-4CF4-8C08-410EE4576A87}
		{5993CFAA-0AE3-42C1-A28D-B2728E58BC5C} = {2102D1F8-CF00-4CF4-8C08-410EE4576A87}
	EndGlobalSection
	GlobalSection(ExtensibilityGlobals) = postSolution
		SolutionGuid = {EA404C2F-93E7-49FE-8CDB-29F3106C6F95}
	EndGlobalSection
EndGlobal
